
Microsoft Visual Studio Solution File, Format Version 12.00
# Visual Studio Version 16
VisualStudioVersion = 25.0.1706.0
MinimumVisualStudioVersion = 10.0.40219.1
Project("{FAE04EC0-301F-11D3-BF4B-00C04F79EFBC}") = "Katsaka", "Katsaka\Katsaka.csproj", "{2C4925B9-BDB3-4621-BDA2-E7E9C28A93FD}"
EndProject
Global
	GlobalSection(SolutionConfigurationPlatforms) = preSolution
		Debug|Any CPU = Debug|Any CPU
		Release|Any CPU = Release|Any CPU
	EndGlobalSection
	GlobalSection(ProjectConfigurationPlatforms) = postSolution
		{2C4925B9-BDB3-4621-BDA2-E7E9C28A93FD}.Debug|Any CPU.ActiveCfg = Debug|Any CPU
		{2C4925B9-BDB3-4621-BDA2-E7E9C28A93FD}.Debug|Any CPU.Build.0 = Debug|Any CPU
		{2C4925B9-BDB3-4621-BDA2-E7E9C28A93FD}.Release|Any CPU.ActiveCfg = Release|Any CPU
		{2C4925B9-BDB3-4621-BDA2-E7E9C28A93FD}.Release|Any CPU.Build.0 = Release|Any CPU
	EndGlobalSection
	GlobalSection(SolutionProperties) = preSolution
		HideSolutionNode = FALSE
	EndGlobalSection
	GlobalSection(ExtensibilityGlobals) = postSolution
		SolutionGuid = {19736CCB-B5BB-492D-8144-377AC6AB2211}
	EndGlobalSection
EndGlobal
